
Microsoft Visual Studio Solution File, Format Version 12.00
# Visual Studio Version 17
VisualStudioVersion = 17.8.34511.84
MinimumVisualStudioVersion = 10.0.40219.1
Project("{FAE04EC0-301F-11D3-BF4B-00C04F79EFBC}") = "api.message", "api.message\api.message.csproj", "{178B97FA-DB95-4C28-9F1F-918B9CD51AE3}"
EndProject
Global
	GlobalSection(SolutionConfigurationPlatforms) = preSolution
		Debug|Any CPU = Debug|Any CPU
		Release|Any CPU = Release|Any CPU
	EndGlobalSection
	GlobalSection(ProjectConfigurationPlatforms) = postSolution
		{178B97FA-DB95-4C28-9F1F-918B9CD51AE3}.Debug|Any CPU.ActiveCfg = Debug|Any CPU
		{178B97FA-DB95-4C28-9F1F-918B9CD51AE3}.Debug|Any CPU.Build.0 = Debug|Any CPU
		{178B97FA-DB95-4C28-9F1F-918B9CD51AE3}.Release|Any CPU.ActiveCfg = Release|Any CPU
		{178B97FA-DB95-4C28-9F1F-918B9CD51AE3}.Release|Any CPU.Build.0 = Release|Any CPU
	EndGlobalSection
	GlobalSection(SolutionProperties) = preSolution
		HideSolutionNode = FALSE
	EndGlobalSection
	GlobalSection(ExtensibilityGlobals) = postSolution
		SolutionGuid = {380ED528-6815-4A02-A8DE-358879076FFE}
	EndGlobalSection
EndGlobal
